// !$*UTF8*$!
{
	archiveVersion = 1;
	classes = {
	};
	objectVersion = 77;
	objects = {

/* Begin PBXBuildFile section */
		64F9959E2D02D4360056B2AF /* WidgetKit.framework in Frameworks */ = {isa = PBXBuildFile; fileRef = 64F9959D2D02D4360056B2AF /* WidgetKit.framework */; };
		64F995A02D02D4360056B2AF /* SwiftUI.framework in Frameworks */ = {isa = PBXBuildFile; fileRef = 64F9959F2D02D4360056B2AF /* SwiftUI.framework */; };
		64F995AD2D02D43A0056B2AF /* Live ActivityExtension.appex in Embed Foundation Extensions */ = {isa = PBXBuildFile; fileRef = 64F9959B2D02D4350056B2AF /* Live ActivityExtension.appex */; settings = {ATTRIBUTES = (RemoveHeadersOnCopy, ); }; };
		64F995B62D02DC060056B2AF /* AppDelegate.swift in Sources */ = {isa = PBXBuildFile; fileRef = 64F995B52D02DBFF0056B2AF /* AppDelegate.swift */; };
		64F995B72D02DC060056B2AF /* AppDelegate.swift in Sources */ = {isa = PBXBuildFile; fileRef = 64F995B52D02DBFF0056B2AF /* AppDelegate.swift */; };
/* End PBXBuildFile section */

/* Begin PBXContainerItemProxy section */
		64F995AB2D02D43A0056B2AF /* PBXContainerItemProxy */ = {
			isa = PBXContainerItemProxy;
			containerPortal = 64125DE92D02CD8200F9370D /* Project object */;
			proxyType = 1;
			remoteGlobalIDString = 64F9959A2D02D4350056B2AF;
			remoteInfo = "Live ActivityExtension";
		};
/* End PBXContainerItemProxy section */

/* Begin PBXCopyFilesBuildPhase section */
		64F995B22D02D43A0056B2AF /* Embed Foundation Extensions */ = {
			isa = PBXCopyFilesBuildPhase;
			buildActionMask = 2147483647;
			dstPath = "";
			dstSubfolderSpec = 13;
			files = (
				64F995AD2D02D43A0056B2AF /* Live ActivityExtension.appex in Embed Foundation Extensions */,
			);
			name = "Embed Foundation Extensions";
			runOnlyForDeploymentPostprocessing = 0;
		};
/* End PBXCopyFilesBuildPhase section */

/* Begin PBXFileReference section */
		64125DF12D02CD8200F9370D /* Live Activity with Push Notification.app */ = {isa = PBXFileReference; explicitFileType = wrapper.application; includeInIndex = 0; path = "Live Activity with Push Notification.app"; sourceTree = BUILT_PRODUCTS_DIR; };
		64F9959B2D02D4350056B2AF /* Live ActivityExtension.appex */ = {isa = PBXFileReference; explicitFileType = "wrapper.app-extension"; includeInIndex = 0; path = "Live ActivityExtension.appex"; sourceTree = BUILT_PRODUCTS_DIR; };
		64F9959D2D02D4360056B2AF /* WidgetKit.framework */ = {isa = PBXFileReference; lastKnownFileType = wrapper.framework; name = WidgetKit.framework; path = System/Library/Frameworks/WidgetKit.framework; sourceTree = SDKROOT; };
		64F9959F2D02D4360056B2AF /* SwiftUI.framework */ = {isa = PBXFileReference; lastKnownFileType = wrapper.framework; name = SwiftUI.framework; path = System/Library/Frameworks/SwiftUI.framework; sourceTree = SDKROOT; };
		64F995B52D02DBFF0056B2AF /* AppDelegate.swift */ = {isa = PBXFileReference; lastKnownFileType = sourcecode.swift; path = AppDelegate.swift; sourceTree = "<group>"; };
/* End PBXFileReference section */

/* Begin PBXFileSystemSynchronizedBuildFileExceptionSet section */
		64F995AE2D02D43A0056B2AF /* Exceptions for "Live Activity" folder in "Live ActivityExtension" target */ = {
			isa = PBXFileSystemSynchronizedBuildFileExceptionSet;
			membershipExceptions = (
				Info.plist,
			);
			target = 64F9959A2D02D4350056B2AF /* Live ActivityExtension */;
		};
/* End PBXFileSystemSynchronizedBuildFileExceptionSet section */

/* Begin PBXFileSystemSynchronizedRootGroup section */
		64125DF32D02CD8200F9370D /* Live Activity with Push Notification */ = {
			isa = PBXFileSystemSynchronizedRootGroup;
			path = "Live Activity with Push Notification";
			sourceTree = "<group>";
		};
		64F995962D02D3D70056B2AF /* live Activity Helper */ = {
			isa = PBXFileSystemSynchronizedRootGroup;
			path = "live Activity Helper";
			sourceTree = "<group>";
		};
		64F995A12D02D4360056B2AF /* Live Activity */ = {
			isa = PBXFileSystemSynchronizedRootGroup;
			exceptions = (
				64F995AE2D02D43A0056B2AF /* Exceptions for "Live Activity" folder in "Live ActivityExtension" target */,
			);
			path = "Live Activity";
			sourceTree = "<group>";
		};
/* End PBXFileSystemSynchronizedRootGroup section */

/* Begin PBXFrameworksBuildPhase section */
		64125DEE2D02CD8200F9370D /* Frameworks */ = {
			isa = PBXFrameworksBuildPhase;
			buildActionMask = 2147483647;
			files = (
			);
			runOnlyForDeploymentPostprocessing = 0;
		};
		64F995982D02D4350056B2AF /* Frameworks */ = {
			isa = PBXFrameworksBuildPhase;
			buildActionMask = 2147483647;
			files = (
				64F995A02D02D4360056B2AF /* SwiftUI.framework in Frameworks */,
				64F9959E2D02D4360056B2AF /* WidgetKit.framework in Frameworks */,
			);
			runOnlyForDeploymentPostprocessing = 0;
		};
/* End PBXFrameworksBuildPhase section */

/* Begin PBXGroup section */
		64125DE82D02CD8200F9370D = {
			isa = PBXGroup;
			children = (
				64F995B52D02DBFF0056B2AF /* AppDelegate.swift */,
				64F995962D02D3D70056B2AF /* live Activity Helper */,
				64125DF32D02CD8200F9370D /* Live Activity with Push Notification */,
				64F995A12D02D4360056B2AF /* Live Activity */,
				64F9959C2D02D4360056B2AF /* Frameworks */,
				64125DF22D02CD8200F9370D /* Products */,
			);
			sourceTree = "<group>";
		};
		64125DF22D02CD8200F9370D /* Products */ = {
			isa = PBXGroup;
			children = (
				64125DF12D02CD8200F9370D /* Live Activity with Push Notification.app */,
				64F9959B2D02D4350056B2AF /* Live ActivityExtension.appex */,
			);
			name = Products;
			sourceTree = "<group>";
		};
		64F9959C2D02D4360056B2AF /* Frameworks */ = {
			isa = PBXGroup;
			children = (
				64F9959D2D02D4360056B2AF /* WidgetKit.framework */,
				64F9959F2D02D4360056B2AF /* SwiftUI.framework */,
			);
			name = Frameworks;
			sourceTree = "<group>";
		};
/* End PBXGroup section */

/* Begin PBXNativeTarget section */
		64125DF02D02CD8200F9370D /* Live Activity with Push Notification */ = {
			isa = PBXNativeTarget;
			buildConfigurationList = 64125DFF2D02CD8400F9370D /* Build configuration list for PBXNativeTarget "Live Activity with Push Notification" */;
			buildPhases = (
				64125DED2D02CD8200F9370D /* Sources */,
				64125DEE2D02CD8200F9370D /* Frameworks */,
				64125DEF2D02CD8200F9370D /* Resources */,
				64F995B22D02D43A0056B2AF /* Embed Foundation Extensions */,
			);
			buildRules = (
			);
			dependencies = (
				64F995AC2D02D43A0056B2AF /* PBXTargetDependency */,
			);
			fileSystemSynchronizedGroups = (
				64125DF32D02CD8200F9370D /* Live Activity with Push Notification */,
				64F995962D02D3D70056B2AF /* live Activity Helper */,
			);
			name = "Live Activity with Push Notification";
			packageProductDependencies = (
			);
			productName = "Live Activity with Push Notification";
			productReference = 64125DF12D02CD8200F9370D /* Live Activity with Push Notification.app */;
			productType = "com.apple.product-type.application";
		};
		64F9959A2D02D4350056B2AF /* Live ActivityExtension */ = {
			isa = PBXNativeTarget;
			buildConfigurationList = 64F995AF2D02D43A0056B2AF /* Build configuration list for PBXNativeTarget "Live ActivityExtension" */;
			buildPhases = (
				64F995972D02D4350056B2AF /* Sources */,
				64F995982D02D4350056B2AF /* Frameworks */,
				64F995992D02D4350056B2AF /* Resources */,
			);
			buildRules = (
			);
			dependencies = (
			);
			fileSystemSynchronizedGroups = (
				64F995962D02D3D70056B2AF /* live Activity Helper */,
				64F995A12D02D4360056B2AF /* Live Activity */,
			);
			name = "Live ActivityExtension";
			packageProductDependencies = (
			);
			productName = "Live ActivityExtension";
			productReference = 64F9959B2D02D4350056B2AF /* Live ActivityExtension.appex */;
			productType = "com.apple.product-type.app-extension";
		};
/* End PBXNativeTarget section */

/* Begin PBXProject section */
		64125DE92D02CD8200F9370D /* Project object */ = {
			isa = PBXProject;
			attributes = {
				BuildIndependentTargetsInParallel = 1;
				LastSwiftUpdateCheck = 1600;
				LastUpgradeCheck = 1600;
				TargetAttributes = {
					64125DF02D02CD8200F9370D = {
						CreatedOnToolsVersion = 16.0;
					};
					64F9959A2D02D4350056B2AF = {
						CreatedOnToolsVersion = 16.0;
					};
				};
			};
			buildConfigurationList = 64125DEC2D02CD8200F9370D /* Build configuration list for PBXProject "Live Activity with Push Notification" */;
			developmentRegion = en;
			hasScannedForEncodings = 0;
			knownRegions = (
				en,
				Base,
			);
			mainGroup = 64125DE82D02CD8200F9370D;
			minimizedProjectReferenceProxies = 1;
			preferredProjectObjectVersion = 77;
			productRefGroup = 64125DF22D02CD8200F9370D /* Products */;
			projectDirPath = "";
			projectRoot = "";
			targets = (
				64125DF02D02CD8200F9370D /* Live Activity with Push Notification */,
				64F9959A2D02D4350056B2AF /* Live ActivityExtension */,
			);
		};
/* End PBXProject section */

/* Begin PBXResourcesBuildPhase section */
		64125DEF2D02CD8200F9370D /* Resources */ = {
			isa = PBXResourcesBuildPhase;
			buildActionMask = 2147483647;
			files = (
			);
			runOnlyForDeploymentPostprocessing = 0;
		};
		64F995992D02D4350056B2AF /* Resources */ = {
			isa = PBXResourcesBuildPhase;
			buildActionMask = 2147483647;
			files = (
			);
			runOnlyForDeploymentPostprocessing = 0;
		};
/* End PBXResourcesBuildPhase section */

/* Begin PBXSourcesBuildPhase section */
		64125DED2D02CD8200F9370D /* Sources */ = {
			isa = PBXSourcesBuildPhase;
			buildActionMask = 2147483647;
			files = (
				64F995B62D02DC060056B2AF /* AppDelegate.swift in Sources */,
			);
			runOnlyForDeploymentPostprocessing = 0;
		};
		64F995972D02D4350056B2AF /* Sources */ = {
			isa = PBXSourcesBuildPhase;
			buildActionMask = 2147483647;
			files = (
				64F995B72D02DC060056B2AF /* AppDelegate.swift in Sources */,
			);
			runOnlyForDeploymentPostprocessing = 0;
		};
/* End PBXSourcesBuildPhase section */

/* Begin PBXTargetDependency section */
		64F995AC2D02D43A0056B2AF /* PBXTargetDependency */ = {
			isa = PBXTargetDependency;
			target = 64F9959A2D02D4350056B2AF /* Live ActivityExtension */;
			targetProxy = 64F995AB2D02D43A0056B2AF /* PBXContainerItemProxy */;
		};
/* End PBXTargetDependency section */

/* Begin XCBuildConfiguration section */
		64125DFD2D02CD8400F9370D /* Debug */ = {
			isa = XCBuildConfiguration;
			buildSettings = {
				ALWAYS_SEARCH_USER_PATHS = NO;
				ASSETCATALOG_COMPILER_GENERATE_SWIFT_ASSET_SYMBOL_EXTENSIONS = YES;
				CLANG_ANALYZER_NONNULL = YES;
				CLANG_ANALYZER_NUMBER_OBJECT_CONVERSION = YES_AGGRESSIVE;
				CLANG_CXX_LANGUAGE_STANDARD = "gnu++20";
				CLANG_ENABLE_MODULES = YES;
				CLANG_ENABLE_OBJC_ARC = YES;
				CLANG_ENABLE_OBJC_WEAK = YES;
				CLANG_WARN_BLOCK_CAPTURE_AUTORELEASING = YES;
				CLANG_WARN_BOOL_CONVERSION = YES;
				CLANG_WARN_COMMA = YES;
				CLANG_WARN_CONSTANT_CONVERSION = YES;
				CLANG_WARN_DEPRECATED_OBJC_IMPLEMENTATIONS = YES;
				CLANG_WARN_DIRECT_OBJC_ISA_USAGE = YES_ERROR;
				CLANG_WARN_DOCUMENTATION_COMMENTS = YES;
				CLANG_WARN_EMPTY_BODY = YES;
				CLANG_WARN_ENUM_CONVERSION = YES;
				CLANG_WARN_INFINITE_RECURSION = YES;
				CLANG_WARN_INT_CONVERSION = YES;
				CLANG_WARN_NON_LITERAL_NULL_CONVERSION = YES;
				CLANG_WARN_OBJC_IMPLICIT_RETAIN_SELF = YES;
				CLANG_WARN_OBJC_LITERAL_CONVERSION = YES;
				CLANG_WARN_OBJC_ROOT_CLASS = YES_ERROR;
				CLANG_WARN_QUOTED_INCLUDE_IN_FRAMEWORK_HEADER = YES;
				CLANG_WARN_RANGE_LOOP_ANALYSIS = YES;
				CLANG_WARN_STRICT_PROTOTYPES = YES;
				CLANG_WARN_SUSPICIOUS_MOVE = YES;
				CLANG_WARN_UNGUARDED_AVAILABILITY = YES_AGGRESSIVE;
				CLANG_WARN_UNREACHABLE_CODE = YES;
				CLANG_WARN__DUPLICATE_METHOD_MATCH = YES;
				COPY_PHASE_STRIP = NO;
				DEBUG_INFORMATION_FORMAT = dwarf;
				ENABLE_STRICT_OBJC_MSGSEND = YES;
				ENABLE_TESTABILITY = YES;
				ENABLE_USER_SCRIPT_SANDBOXING = YES;
				GCC_C_LANGUAGE_STANDARD = gnu17;
				GCC_DYNAMIC_NO_PIC = NO;
				GCC_NO_COMMON_BLOCKS = YES;
				GCC_OPTIMIZATION_LEVEL = 0;
				GCC_PREPROCESSOR_DEFINITIONS = (
					"DEBUG=1",
					"$(inherited)",
				);
				GCC_WARN_64_TO_32_BIT_CONVERSION = YES;
				GCC_WARN_ABOUT_RETURN_TYPE = YES_ERROR;
				GCC_WARN_UNDECLARED_SELECTOR = YES;
				GCC_WARN_UNINITIALIZED_AUTOS = YES_AGGRESSIVE;
				GCC_WARN_UNUSED_FUNCTION = YES;
				GCC_WARN_UNUSED_VARIABLE = YES;
				IPHONEOS_DEPLOYMENT_TARGET = 18.0;
				LOCALIZATION_PREFERS_STRING_CATALOGS = YES;
				MTL_ENABLE_DEBUG_INFO = INCLUDE_SOURCE;
				MTL_FAST_MATH = YES;
				ONLY_ACTIVE_ARCH = YES;
				SDKROOT = iphoneos;
				SWIFT_ACTIVE_COMPILATION_CONDITIONS = "DEBUG $(inherited)";
				SWIFT_OPTIMIZATION_LEVEL = "-Onone";
			};
			name = Debug;
		};
		64125DFE2D02CD8400F9370D /* Release */ = {
			isa = XCBuildConfiguration;
			buildSettings = {
				ALWAYS_SEARCH_USER_PATHS = NO;
				ASSETCATALOG_COMPILER_GENERATE_SWIFT_ASSET_SYMBOL_EXTENSIONS = YES;
				CLANG_ANALYZER_NONNULL = YES;
				CLANG_ANALYZER_NUMBER_OBJECT_CONVERSION = YES_AGGRESSIVE;
				CLANG_CXX_LANGUAGE_STANDARD = "gnu++20";
				CLANG_ENABLE_MODULES = YES;
				CLANG_ENABLE_OBJC_ARC = YES;
				CLANG_ENABLE_OBJC_WEAK = YES;
				CLANG_WARN_BLOCK_CAPTURE_AUTORELEASING = YES;
				CLANG_WARN_BOOL_CONVERSION = YES;
				CLANG_WARN_COMMA = YES;
				CLANG_WARN_CONSTANT_CONVERSION = YES;
				CLANG_WARN_DEPRECATED_OBJC_IMPLEMENTATIONS = YES;
				CLANG_WARN_DIRECT_OBJC_ISA_USAGE = YES_ERROR;
				CLANG_WARN_DOCUMENTATION_COMMENTS = YES;
				CLANG_WARN_EMPTY_BODY = YES;
				CLANG_WARN_ENUM_CONVERSION = YES;
				CLANG_WARN_INFINITE_RECURSION = YES;
				CLANG_WARN_INT_CONVERSION = YES;
				CLANG_WARN_NON_LITERAL_NULL_CONVERSION = YES;
				CLANG_WARN_OBJC_IMPLICIT_RETAIN_SELF = YES;
				CLANG_WARN_OBJC_LITERAL_CONVERSION = YES;
				CLANG_WARN_OBJC_ROOT_CLASS = YES_ERROR;
				CLANG_WARN_QUOTED_INCLUDE_IN_FRAMEWORK_HEADER = YES;
				CLANG_WARN_RANGE_LOOP_ANALYSIS = YES;
				CLANG_WARN_STRICT_PROTOTYPES = YES;
				CLANG_WARN_SUSPICIOUS_MOVE = YES;
				CLANG_WARN_UNGUARDED_AVAILABILITY = YES_AGGRESSIVE;
				CLANG_WARN_UNREACHABLE_CODE = YES;
				CLANG_WARN__DUPLICATE_METHOD_MATCH = YES;
				COPY_PHASE_STRIP = NO;
				DEBUG_INFORMATION_FORMAT = "dwarf-with-dsym";
				ENABLE_NS_ASSERTIONS = NO;
				ENABLE_STRICT_OBJC_MSGSEND = YES;
				ENABLE_USER_SCRIPT_SANDBOXING = YES;
				GCC_C_LANGUAGE_STANDARD = gnu17;
				GCC_NO_COMMON_BLOCKS = YES;
				GCC_WARN_64_TO_32_BIT_CONVERSION = YES;
				GCC_WARN_ABOUT_RETURN_TYPE = YES_ERROR;
				GCC_WARN_UNDECLARED_SELECTOR = YES;
				GCC_WARN_UNINITIALIZED_AUTOS = YES_AGGRESSIVE;
				GCC_WARN_UNUSED_FUNCTION = YES;
				GCC_WARN_UNUSED_VARIABLE = YES;
				IPHONEOS_DEPLOYMENT_TARGET = 18.0;
				LOCALIZATION_PREFERS_STRING_CATALOGS = YES;
				MTL_ENABLE_DEBUG_INFO = NO;
				MTL_FAST_MATH = YES;
				SDKROOT = iphoneos;
				SWIFT_COMPILATION_MODE = wholemodule;
				VALIDATE_PRODUCT = YES;
			};
			name = Release;
		};
		64125E002D02CD8400F9370D /* Debug */ = {
			isa = XCBuildConfiguration;
			buildSettings = {
				ASSETCATALOG_COMPILER_APPICON_NAME = AppIcon;
				ASSETCATALOG_COMPILER_GLOBAL_ACCENT_COLOR_NAME = AccentColor;
				CODE_SIGN_ENTITLEMENTS = "Live Activity with Push Notification/Live Activity with Push Notification.entitlements";
				CODE_SIGN_STYLE = Automatic;
				CURRENT_PROJECT_VERSION = 1;
				DEVELOPMENT_ASSET_PATHS = "\"Live Activity with Push Notification/Preview Content\"";
				DEVELOPMENT_TEAM = YBC6QZE5G7;
				ENABLE_PREVIEWS = YES;
				GENERATE_INFOPLIST_FILE = YES;
				INFOPLIST_FILE = "Live-Activity-with-Push-Notification-Info.plist";
				INFOPLIST_KEY_NSSupportsLiveActivities = YES;
				INFOPLIST_KEY_UIApplicationSceneManifest_Generation = YES;
				INFOPLIST_KEY_UIApplicationSupportsIndirectInputEvents = YES;
				INFOPLIST_KEY_UILaunchScreen_Generation = YES;
				INFOPLIST_KEY_UISupportedInterfaceOrientations_iPad = "UIInterfaceOrientationPortrait UIInterfaceOrientationPortraitUpsideDown UIInterfaceOrientationLandscapeLeft UIInterfaceOrientationLandscapeRight";
				INFOPLIST_KEY_UISupportedInterfaceOrientations_iPhone = "UIInterfaceOrientationPortrait UIInterfaceOrientationLandscapeLeft UIInterfaceOrientationLandscapeRight";
				LD_RUNPATH_SEARCH_PATHS = (
					"$(inherited)",
					"@executable_path/Frameworks",
				);
				MARKETING_VERSION = 1.0;
				PRODUCT_BUNDLE_IDENTIFIER = "com.sardarsaqib.apps.Live-Activity-with-Push-Notifications";
				PRODUCT_NAME = "$(TARGET_NAME)";
				SWIFT_EMIT_LOC_STRINGS = YES;
				SWIFT_VERSION = 5.0;
				TARGETED_DEVICE_FAMILY = "1,2";
			};
			name = Debug;
		};
		64125E012D02CD8400F9370D /* Release */ = {
			isa = XCBuildConfiguration;
			buildSettings = {
				ASSETCATALOG_COMPILER_APPICON_NAME = AppIcon;
				ASSETCATALOG_COMPILER_GLOBAL_ACCENT_COLOR_NAME = AccentColor;
				CODE_SIGN_ENTITLEMENTS = "Live Activity with Push Notification/Live Activity with Push Notification.entitlements";
				CODE_SIGN_STYLE = Automatic;
				CURRENT_PROJECT_VERSION = 1;
				DEVELOPMENT_ASSET_PATHS = "\"Live Activity with Push Notification/Preview Content\"";
				DEVELOPMENT_TEAM = YBC6QZE5G7;
				ENABLE_PREVIEWS = YES;
				GENERATE_INFOPLIST_FILE = YES;
				INFOPLIST_FILE = "Live-Activity-with-Push-Notification-Info.plist";
				INFOPLIST_KEY_NSSupportsLiveActivities = YES;
				INFOPLIST_KEY_UIApplicationSceneManifest_Generation = YES;
				INFOPLIST_KEY_UIApplicationSupportsIndirectInputEvents = YES;
				INFOPLIST_KEY_UILaunchScreen_Generation = YES;
				INFOPLIST_KEY_UISupportedInterfaceOrientations_iPad = "UIInterfaceOrientationPortrait UIInterfaceOrientationPortraitUpsideDown UIInterfaceOrientationLandscapeLeft UIInterfaceOrientationLandscapeRight";
				INFOPLIST_KEY_UISupportedInterfaceOrientations_iPhone = "UIInterfaceOrientationPortrait UIInterfaceOrientationLandscapeLeft UIInterfaceOrientationLandscapeRight";
				LD_RUNPATH_SEARCH_PATHS = (
					"$(inherited)",
					"@executable_path/Frameworks",
				);
				MARKETING_VERSION = 1.0;
				PRODUCT_BUNDLE_IDENTIFIER = "com.sardarsaqib.apps.Live-Activity-with-Push-Notifications";
				PRODUCT_NAME = "$(TARGET_NAME)";
				SWIFT_EMIT_LOC_STRINGS = YES;
				SWIFT_VERSION = 5.0;
				TARGETED_DEVICE_FAMILY = "1,2";
			};
			name = Release;
		};
		64F995B02D02D43A0056B2AF /* Debug */ = {
			isa = XCBuildConfiguration;
			buildSettings = {
				ASSETCATALOG_COMPILER_GLOBAL_ACCENT_COLOR_NAME = AccentColor;
				ASSETCATALOG_COMPILER_WIDGET_BACKGROUND_COLOR_NAME = WidgetBackground;
				CODE_SIGN_STYLE = Automatic;
				CURRENT_PROJECT_VERSION = 1;
				DEVELOPMENT_TEAM = YBC6QZE5G7;
				GENERATE_INFOPLIST_FILE = YES;
				INFOPLIST_FILE = "Live Activity/Info.plist";
				INFOPLIST_KEY_CFBundleDisplayName = "Live Activity";
				INFOPLIST_KEY_NSHumanReadableCopyright = "";
				INFOPLIST_KEY_NSSupportsLiveActivities = YES;
				LD_RUNPATH_SEARCH_PATHS = (
					"$(inherited)",
					"@executable_path/Frameworks",
					"@executable_path/../../Frameworks",
				);
				MARKETING_VERSION = 1.0;
				PRODUCT_BUNDLE_IDENTIFIER = "com.sardarsaqib.apps.Live-Activity-with-Push-Notifications.Live-Activity";
				PRODUCT_NAME = "$(TARGET_NAME)";
				SKIP_INSTALL = YES;
				SWIFT_EMIT_LOC_STRINGS = YES;
				SWIFT_VERSION = 5.0;
				TARGETED_DEVICE_FAMILY = "1,2";
			};
			name = Debug;
		};
		64F995B12D02D43A0056B2AF /* Release */ = {
			isa = XCBuildConfiguration;
			buildSettings = {
				ASSETCATALOG_COMPILER_GLOBAL_ACCENT_COLOR_NAME = AccentColor;
				ASSETCATALOG_COMPILER_WIDGET_BACKGROUND_COLOR_NAME = WidgetBackground;
				CODE_SIGN_STYLE = Automatic;
				CURRENT_PROJECT_VERSION = 1;
				DEVELOPMENT_TEAM = YBC6QZE5G7;
				GENERATE_INFOPLIST_FILE = YES;
				INFOPLIST_FILE = "Live Activity/Info.plist";
				INFOPLIST_KEY_CFBundleDisplayName = "Live Activity";
				INFOPLIST_KEY_NSHumanReadableCopyright = "";
				INFOPLIST_KEY_NSSupportsLiveActivities = YES;
				LD_RUNPATH_SEARCH_PATHS = (
					"$(inherited)",
					"@executable_path/Frameworks",
					"@executable_path/../../Frameworks",
				);
				MARKETING_VERSION = 1.0;
				PRODUCT_BUNDLE_IDENTIFIER = "com.sardarsaqib.apps.Live-Activity-with-Push-Notifications.Live-Activity";
				PRODUCT_NAME = "$(TARGET_NAME)";
				SKIP_INSTALL = YES;
				SWIFT_EMIT_LOC_STRINGS = YES;
				SWIFT_VERSION = 5.0;
				TARGETED_DEVICE_FAMILY = "1,2";
			};
			name = Release;
		};
/* End XCBuildConfiguration section */

/* Begin XCConfigurationList section */
		64125DEC2D02CD8200F9370D /* Build configuration list for PBXProject "Live Activity with Push Notification" */ = {
			isa = XCConfigurationList;
			buildConfigurations = (
				64125DFD2D02CD8400F9370D /* Debug */,
				64125DFE2D02CD8400F9370D /* Release */,
			);
			defaultConfigurationIsVisible = 0;
			defaultConfigurationName = Release;
		};
		64125DFF2D02CD8400F9370D /* Build configuration list for PBXNativeTarget "Live Activity with Push Notification" */ = {
			isa = XCConfigurationList;
			buildConfigurations = (
				64125E002D02CD8400F9370D /* Debug */,
				64125E012D02CD8400F9370D /* Release */,
			);
			defaultConfigurationIsVisible = 0;
			defaultConfigurationName = Release;
		};
		64F995AF2D02D43A0056B2AF /* Build configuration list for PBXNativeTarget "Live ActivityExtension" */ = {
			isa = XCConfigurationList;
			buildConfigurations = (
				64F995B02D02D43A0056B2AF /* Debug */,
				64F995B12D02D43A0056B2AF /* Release */,
			);
			defaultConfigurationIsVisible = 0;
			defaultConfigurationName = Release;
		};
/* End XCConfigurationList section */
	};
	rootObject = 64125DE92D02CD8200F9370D /* Project object */;
}
